lockfileVersion: '6.0'

settings:
  autoInstallPeers: true
  excludeLinksFromLockfile: false

dependencies:
  graphql:
    specifier: 16.7.0
    version: 16.7.0

packages:

  /graphql@16.7.0:
    resolution: {integrity: sha512-kdNG+ZGNf0E4dezSA2N9cRq8UdOMCcz9Wzh1dDSrCzGCz0nj6p8qlE+utY6iqr9y1sh3MZxUb7K794neZ2oT1w==}
    engines: {node: ^12.22.0 || ^14.16.0 || ^16.0.0 || >=17.0.0}
    dev: false
